Microsoft Visual Studio Solution File, Format Version 12.00
# Visual Studio 2012
Project("{FAE04EC0-301F-11D3-BF4B-00C04F79EFBC}") = "The Heretic Knight", "The Heretic Knight.csproj", "{18A931DD-B35A-4047-9351-28B9811706D0}"
EndProject
Global
	GlobalSection(SolutionConfigurationPlatforms) = preSolution
	Debug|Any CPU = Debug|Any CPU
	Release|Any CPU = Release|Any CPU
	Tools|Any CPU = Tools|Any CPU
	EndGlobalSection
	GlobalSection(ProjectConfigurationPlatforms) = postSolution
		{18A931DD-B35A-4047-9351-28B9811706D0}.Debug|Any CPU.ActiveCfg = Debug|Any CPU
		{18A931DD-B35A-4047-9351-28B9811706D0}.Debug|Any CPU.Build.0 = Debug|Any CPU
		{18A931DD-B35A-4047-9351-28B9811706D0}.Release|Any CPU.ActiveCfg = Release|Any CPU
		{18A931DD-B35A-4047-9351-28B9811706D0}.Release|Any CPU.Build.0 = Release|Any CPU
		{18A931DD-B35A-4047-9351-28B9811706D0}.Tools|Any CPU.ActiveCfg = Tools|Any CPU
		{18A931DD-B35A-4047-9351-28B9811706D0}.Tools|Any CPU.Build.0 = Tools|Any CPU
	EndGlobalSection
EndGlobal
